Microsoft Visual Studio Solution File, Format Version 12.00
# Visual Studio Version 18
VisualStudioVersion = 18.2.11415.280
MinimumVisualStudioVersion = 10.0.40219.1
Project("{2150E333-8FDC-42A3-9474-1A3956D46DE8}") = "backend", "backend", "{BED14A6E-1234-5678-9ABC-DEF012345678}"
EndProject
Project("{2150E333-8FDC-42A3-9474-1A3956D46DE8}") = "src", "src", "{CCF556F0-B8C3-493D-B73C-CB4E61B092EF}"
EndProject
Project("{FAE04EC0-301F-11D3-BF4B-00C04F79EFBC}") = "HotelCore.AppHost", "AppHost\HotelCore.AppHost.csproj", "{A1234567-89AB-CDEF-0123-456789ABCDEF}"
EndProject
Project("{FAE04EC0-301F-11D3-BF4B-00C04F79EFBC}") = "HotelCore.Api", "backend\src\HotelCore.Api\HotelCore.Api.csproj", "{D669E849-3E40-2E62-A0AE-717C43E551D3}"
EndProject
Project("{FAE04EC0-301F-11D3-BF4B-00C04F79EFBC}") = "HotelCore.Application", "backend\src\HotelCore.Application\HotelCore.Application.csproj", "{DF445FDF-03A8-6BBB-69B0-A5F9183DC695}"
EndProject
Project("{FAE04EC0-301F-11D3-BF4B-00C04F79EFBC}") = "HotelCore.Infrastructure", "backend\src\HotelCore.Infrastructure\HotelCore.Infrastructure.csproj", "{7BC1EA54-919C-5875-E86D-C83F0E63CD6C}"
EndProject
Project("{FAE04EC0-301F-11D3-BF4B-00C04F79EFBC}") = "HotelCore.ServiceDefaults", "backend\src\HotelCore.ServiceDefaults\HotelCore.ServiceDefaults.csproj", "{7E04A89C-AA5A-F56F-18EF-25CC1F878B72}"
EndProject
Project("{FAE04EC0-301F-11D3-BF4B-00C04F79EFBC}") = "HotelCore.Domain", "backend\src\HotelCore.Domain\HotelCore.Domain.csproj", "{1150733F-93C1-D9BF-F962-E5014087F671}"
EndProject
Project("{2150E333-8FDC-42A3-9474-1A3956D46DE8}") = "Solution Items", "Solution Items", "{ADA948A8-2DC4-4D47-95DE-EB5B9428CA1E}"
	ProjectSection(SolutionItems) = preProject
		frontend_plan.md = frontend_plan.md
	EndProjectSection
EndProject
Project("{2150E333-8FDC-42A3-9474-1A3956D46DE8}") = "UI Pages Images", "UI Pages Images", "{705986FF-7B09-4122-AD61-ACEE3F0F2D70}"
	ProjectSection(SolutionItems) = preProject
		..\..\..\OneDrive\Desktop\PSI\Assignment\UI\1.png = ..\..\..\OneDrive\Desktop\PSI\Assignment\UI\1.png
		..\..\..\OneDrive\Desktop\PSI\Assignment\UI\2.png = ..\..\..\OneDrive\Desktop\PSI\Assignment\UI\2.png
		..\..\..\OneDrive\Desktop\PSI\Assignment\UI\3.png = ..\..\..\OneDrive\Desktop\PSI\Assignment\UI\3.png
		..\..\..\OneDrive\Desktop\PSI\Assignment\UI\4.png = ..\..\..\OneDrive\Desktop\PSI\Assignment\UI\4.png
	EndProjectSection
EndProject
Global
	GlobalSection(SolutionConfigurationPlatforms) = preSolution
		Debug|Any CPU = Debug|Any CPU
		Debug|x64 = Debug|x64
		Debug|x86 = Debug|x86
		Release|Any CPU = Release|Any CPU
		Release|x64 = Release|x64
		Release|x86 = Release|x86
	EndGlobalSection
	GlobalSection(ProjectConfigurationPlatforms) = postSolution
		{A1234567-89AB-CDEF-0123-456789ABCDEF}.Debug|Any CPU.ActiveCfg = Debug|Any CPU
		{A1234567-89AB-CDEF-0123-456789ABCDEF}.Debug|Any CPU.Build.0 = Debug|Any CPU
		{A1234567-89AB-CDEF-0123-456789ABCDEF}.Debug|x64.ActiveCfg = Debug|Any CPU
		{A1234567-89AB-CDEF-0123-456789ABCDEF}.Debug|x64.Build.0 = Debug|Any CPU
		{A1234567-89AB-CDEF-0123-456789ABCDEF}.Debug|x86.ActiveCfg = Debug|Any CPU
		{A1234567-89AB-CDEF-0123-456789ABCDEF}.Debug|x86.Build.0 = Debug|Any CPU
		{A1234567-89AB-CDEF-0123-456789ABCDEF}.Release|Any CPU.ActiveCfg = Release|Any CPU
		{A1234567-89AB-CDEF-0123-456789ABCDEF}.Release|Any CPU.Build.0 = Release|Any CPU
		{A1234567-89AB-CDEF-0123-456789ABCDEF}.Release|x64.ActiveCfg = Release|Any CPU
		{A1234567-89AB-CDEF-0123-456789ABCDEF}.Release|x64.Build.0 = Release|Any CPU
		{A1234567-89AB-CDEF-0123-456789ABCDEF}.Release|x86.ActiveCfg = Release|Any CPU
		{A1234567-89AB-CDEF-0123-456789ABCDEF}.Release|x86.Build.0 = Release|Any CPU
		{D669E849-3E40-2E62-A0AE-717C43E551D3}.Debug|Any CPU.ActiveCfg = Debug|Any CPU
		{D669E849-3E40-2E62-A0AE-717C43E551D3}.Debug|Any CPU.Build.0 = Debug|Any CPU
		{D669E849-3E40-2E62-A0AE-717C43E551D3}.Debug|x64.ActiveCfg = Debug|Any CPU
		{D669E849-3E40-2E62-A0AE-717C43E551D3}.Debug|x64.Build.0 = Debug|Any CPU
		{D669E849-3E40-2E62-A0AE-717C43E551D3}.Debug|x86.ActiveCfg = Debug|Any CPU
		{D669E849-3E40-2E62-A0AE-717C43E551D3}.Debug|x86.Build.0 = Debug|Any CPU
		{D669E849-3E40-2E62-A0AE-717C43E551D3}.Release|Any CPU.ActiveCfg = Release|Any CPU
		{D669E849-3E40-2E62-A0AE-717C43E551D3}.Release|Any CPU.Build.0 = Release|Any CPU
		{D669E849-3E40-2E62-A0AE-717C43E551D3}.Release|x64.ActiveCfg = Release|Any CPU
		{D669E849-3E40-2E62-A0AE-717C43E551D3}.Release|x64.Build.0 = Release|Any CPU
		{D669E849-3E40-2E62-A0AE-717C43E551D3}.Release|x86.ActiveCfg = Release|Any CPU
		{D669E849-3E40-2E62-A0AE-717C43E551D3}.Release|x86.Build.0 = Release|Any CPU
		{DF445FDF-03A8-6BBB-69B0-A5F9183DC695}.Debug|Any CPU.ActiveCfg = Debug|Any CPU
		{DF445FDF-03A8-6BBB-69B0-A5F9183DC695}.Debug|Any CPU.Build.0 = Debug|Any CPU
		{DF445FDF-03A8-6BBB-69B0-A5F9183DC695}.Debug|x64.ActiveCfg = Debug|Any CPU
		{DF445FDF-03A8-6BBB-69B0-A5F9183DC695}.Debug|x64.Build.0 = Debug|Any CPU
		{DF445FDF-03A8-6BBB-69B0-A5F9183DC695}.Debug|x86.ActiveCfg = Debug|Any CPU
		{DF445FDF-03A8-6BBB-69B0-A5F9183DC695}.Debug|x86.Build.0 = Debug|Any CPU
		{DF445FDF-03A8-6BBB-69B0-A5F9183DC695}.Release|Any CPU.ActiveCfg = Release|Any CPU
		{DF445FDF-03A8-6BBB-69B0-A5F9183DC695}.Release|Any CPU.Build.0 = Release|Any CPU
		{DF445FDF-03A8-6BBB-69B0-A5F9183DC695}.Release|x64.ActiveCfg = Release|Any CPU
		{DF445FDF-03A8-6BBB-69B0-A5F9183DC695}.Release|x64.Build.0 = Release|Any CPU
		{DF445FDF-03A8-6BBB-69B0-A5F9183DC695}.Release|x86.ActiveCfg = Release|Any CPU
		{DF445FDF-03A8-6BBB-69B0-A5F9183DC695}.Release|x86.Build.0 = Release|Any CPU
		{7BC1EA54-919C-5875-E86D-C83F0E63CD6C}.Debug|Any CPU.ActiveCfg = Debug|Any CPU
		{7BC1EA54-919C-5875-E86D-C83F0E63CD6C}.Debug|Any CPU.Build.0 = Debug|Any CPU
		{7BC1EA54-919C-5875-E86D-C83F0E63CD6C}.Debug|x64.ActiveCfg = Debug|Any CPU
		{7BC1EA54-919C-5875-E86D-C83F0E63CD6C}.Debug|x64.Build.0 = Debug|Any CPU
		{7BC1EA54-919C-5875-E86D-C83F0E63CD6C}.Debug|x86.ActiveCfg = Debug|Any CPU
		{7BC1EA54-919C-5875-E86D-C83F0E63CD6C}.Debug|x86.Build.0 = Debug|Any CPU
		{7BC1EA54-919C-5875-E86D-C83F0E63CD6C}.Release|Any CPU.ActiveCfg = Release|Any CPU
		{7BC1EA54-919C-5875-E86D-C83F0E63CD6C}.Release|Any CPU.Build.0 = Release|Any CPU
		{7BC1EA54-919C-5875-E86D-C83F0E63CD6C}.Release|x64.ActiveCfg = Release|Any CPU
		{7BC1EA54-919C-5875-E86D-C83F0E63CD6C}.Release|x64.Build.0 = Release|Any CPU
		{7BC1EA54-919C-5875-E86D-C83F0E63CD6C}.Release|x86.ActiveCfg = Release|Any CPU
		{7BC1EA54-919C-5875-E86D-C83F0E63CD6C}.Release|x86.Build.0 = Release|Any CPU
		{7E04A89C-AA5A-F56F-18EF-25CC1F878B72}.Debug|Any CPU.ActiveCfg = Debug|Any CPU
		{7E04A89C-AA5A-F56F-18EF-25CC1F878B72}.Debug|Any CPU.Build.0 = Debug|Any CPU
		{7E04A89C-AA5A-F56F-18EF-25CC1F878B72}.Debug|x64.ActiveCfg = Debug|Any CPU
		{7E04A89C-AA5A-F56F-18EF-25CC1F878B72}.Debug|x64.Build.0 = Debug|Any CPU
		{7E04A89C-AA5A-F56F-18EF-25CC1F878B72}.Debug|x86.ActiveCfg = Debug|Any CPU
		{7E04A89C-AA5A-F56F-18EF-25CC1F878B72}.Debug|x86.Build.0 = Debug|Any CPU
		{7E04A89C-AA5A-F56F-18EF-25CC1F878B72}.Release|Any CPU.ActiveCfg = Release|Any CPU
		{7E04A89C-AA5A-F56F-18EF-25CC1F878B72}.Release|Any CPU.Build.0 = Release|Any CPU
		{7E04A89C-AA5A-F56F-18EF-25CC1F878B72}.Release|x64.ActiveCfg = Release|Any CPU
		{7E04A89C-AA5A-F56F-18EF-25CC1F878B72}.Release|x64.Build.0 = Release|Any CPU
		{7E04A89C-AA5A-F56F-18EF-25CC1F878B72}.Release|x86.ActiveCfg = Release|Any CPU
		{7E04A89C-AA5A-F56F-18EF-25CC1F878B72}.Release|x86.Build.0 = Release|Any CPU
		{1150733F-93C1-D9BF-F962-E5014087F671}.Debug|Any CPU.ActiveCfg = Debug|Any CPU
		{1150733F-93C1-D9BF-F962-E5014087F671}.Debug|Any CPU.Build.0 = Debug|Any CPU
		{1150733F-93C1-D9BF-F962-E5014087F671}.Debug|x64.ActiveCfg = Debug|Any CPU
		{1150733F-93C1-D9BF-F962-E5014087F671}.Debug|x64.Build.0 = Debug|Any CPU
		{1150733F-93C1-D9BF-F962-E5014087F671}.Debug|x86.ActiveCfg = Debug|Any CPU
		{1150733F-93C1-D9BF-F962-E5014087F671}.Debug|x86.Build.0 = Debug|Any CPU
		{1150733F-93C1-D9BF-F962-E5014087F671}.Release|Any CPU.ActiveCfg = Release|Any CPU
		{1150733F-93C1-D9BF-F962-E5014087F671}.Release|Any CPU.Build.0 = Release|Any CPU
		{1150733F-93C1-D9BF-F962-E5014087F671}.Release|x64.ActiveCfg = Release|Any CPU
		{1150733F-93C1-D9BF-F962-E5014087F671}.Release|x64.Build.0 = Release|Any CPU
		{1150733F-93C1-D9BF-F962-E5014087F671}.Release|x86.ActiveCfg = Release|Any CPU
		{1150733F-93C1-D9BF-F962-E5014087F671}.Release|x86.Build.0 = Release|Any CPU
	EndGlobalSection
	GlobalSection(SolutionProperties) = preSolution
		HideSolutionNode = FALSE
	EndGlobalSection
	GlobalSection(NestedProjects) = preSolution
		{CCF556F0-B8C3-493D-B73C-CB4E61B092EF} = {BED14A6E-1234-5678-9ABC-DEF012345678}
		{D669E849-3E40-2E62-A0AE-717C43E551D3} = {CCF556F0-B8C3-493D-B73C-CB4E61B092EF}
		{DF445FDF-03A8-6BBB-69B0-A5F9183DC695} = {CCF556F0-B8C3-493D-B73C-CB4E61B092EF}
		{7BC1EA54-919C-5875-E86D-C83F0E63CD6C} = {CCF556F0-B8C3-493D-B73C-CB4E61B092EF}
		{7E04A89C-AA5A-F56F-18EF-25CC1F878B72} = {BED14A6E-1234-5678-9ABC-DEF012345678}
		{1150733F-93C1-D9BF-F962-E5014087F671} = {CCF556F0-B8C3-493D-B73C-CB4E61B092EF}
		{705986FF-7B09-4122-AD61-ACEE3F0F2D70} = {ADA948A8-2DC4-4D47-95DE-EB5B9428CA1E}
	EndGlobalSection
	GlobalSection(ExtensibilityGlobals) = postSolution
		SolutionGuid = {B4B1D3C0-4A63-49B2-8C1C-CABA09AFBFDF}
	EndGlobalSection
EndGlobal
